
Microsoft Visual Studio Solution File, Format Version 12.00
# Visual Studio Version 16
VisualStudioVersion = 16.0.29911.84
MinimumVisualStudioVersion = 10.0.40219.1
Project("{FAE04EC0-301F-11D3-BF4B-00C04F79EFBC}") = "exceldemo", "exceldemo.csproj", "{8BAC4F44-C3C5-4212-B147-93262A9DE433}"
EndProject
Global
	GlobalSection(SolutionConfigurationPlatforms) = preSolution
		Debug|Any CPU = Debug|Any CPU
		Release|Any CPU = Release|Any CPU
	EndGlobalSection
	GlobalSection(ProjectConfigurationPlatforms) = postSolution
		{8BAC4F44-C3C5-4212-B147-93262A9DE433}.Debug|Any CPU.ActiveCfg = Debug|Any CPU
		{8BAC4F44-C3C5-4212-B147-93262A9DE433}.Debug|Any CPU.Build.0 = Debug|Any CPU
		{8BAC4F44-C3C5-4212-B147-93262A9DE433}.Release|Any CPU.ActiveCfg = Release|Any CPU
		{8BAC4F44-C3C5-4212-B147-93262A9DE433}.Release|Any CPU.Build.0 = Release|Any CPU
	EndGlobalSection
	GlobalSection(SolutionProperties) = preSolution
		HideSolutionNode = FALSE
	EndGlobalSection
	GlobalSection(ExtensibilityGlobals) = postSolution
		SolutionGuid = {59541D5E-356E-4730-A625-62337E73F184}
	EndGlobalSection
EndGlobal
